Microsoft Visual Studio Solution File, Format Version 8.00
Project("{8BC9CEB8-8B4A-11D0-8D11-00A0C91BC942}") = "HWDet3", "HWDet3 VC 7.1.vcproj", "{A83B2203-F95A-4389-A5D9-9AB778D5CD09}"
	ProjectSection(ProjectDependencies) = postProject
	EndProjectSection
EndProject
Global
	GlobalSection(SolutionConfiguration) = preSolution
		DebugANSI = DebugANSI
		DebugUnicode = DebugUnicode
		ReleaseANSI = ReleaseANSI
		ReleaseUnicode = ReleaseUnicode
	EndGlobalSection
	GlobalSection(ProjectConfiguration) = postSolution
		{A83B2203-F95A-4389-A5D9-9AB778D5CD09}.DebugANSI.ActiveCfg = Debug|Win32
		{A83B2203-F95A-4389-A5D9-9AB778D5CD09}.DebugANSI.Build.0 = Debug|Win32
		{A83B2203-F95A-4389-A5D9-9AB778D5CD09}.DebugUnicode.ActiveCfg = DebugUnicode|Win32
		{A83B2203-F95A-4389-A5D9-9AB778D5CD09}.DebugUnicode.Build.0 = DebugUnicode|Win32
		{A83B2203-F95A-4389-A5D9-9AB778D5CD09}.ReleaseANSI.ActiveCfg = Release|Win32
		{A83B2203-F95A-4389-A5D9-9AB778D5CD09}.ReleaseANSI.Build.0 = Release|Win32
		{A83B2203-F95A-4389-A5D9-9AB778D5CD09}.ReleaseUnicode.ActiveCfg = ReleaseUnicode|Win32
		{A83B2203-F95A-4389-A5D9-9AB778D5CD09}.ReleaseUnicode.Build.0 = ReleaseUnicode|Win32
	EndGlobalSection
	GlobalSection(ExtensibilityGlobals) = postSolution
	EndGlobalSection
	GlobalSection(ExtensibilityAddIns) = postSolution
	EndGlobalSection
EndGlobal
