
Microsoft Visual Studio Solution File, Format Version 10.00
# Visual Studio 2008
Project("{8BC9CEB8-8B4A-11D0-8D11-00A0C91BC942}") = "HWDet3", "HWDet3 VC 9.0.vcproj", "{CEF7A709-D8B3-44AE-B340-6B8E50E70507}"
EndProject
Global
	GlobalSection(SolutionConfigurationPlatforms) = preSolution
		DebugANSI|Win32 = DebugANSI|Win32
		DebugUnicode|Win32 = DebugUnicode|Win32
		ReleaseANSI|Win32 = ReleaseANSI|Win32
		ReleaseUnicode|Win32 = ReleaseUnicode|Win32
	EndGlobalSection
	GlobalSection(ProjectConfigurationPlatforms) = postSolution
		{CEF7A709-D8B3-44AE-B340-6B8E50E70507}.DebugANSI|Win32.ActiveCfg = Debug|Win32
		{CEF7A709-D8B3-44AE-B340-6B8E50E70507}.DebugANSI|Win32.Build.0 = Debug|Win32
		{CEF7A709-D8B3-44AE-B340-6B8E50E70507}.DebugUnicode|Win32.ActiveCfg = DebugUnicode|Win32
		{CEF7A709-D8B3-44AE-B340-6B8E50E70507}.DebugUnicode|Win32.Build.0 = DebugUnicode|Win32
		{CEF7A709-D8B3-44AE-B340-6B8E50E70507}.ReleaseANSI|Win32.ActiveCfg = Release|Win32
		{CEF7A709-D8B3-44AE-B340-6B8E50E70507}.ReleaseANSI|Win32.Build.0 = Release|Win32
		{CEF7A709-D8B3-44AE-B340-6B8E50E70507}.ReleaseUnicode|Win32.ActiveCfg = ReleaseUnicode|Win32
		{CEF7A709-D8B3-44AE-B340-6B8E50E70507}.ReleaseUnicode|Win32.Build.0 = ReleaseUnicode|Win32
	EndGlobalSection
	GlobalSection(SolutionProperties) = preSolution
		HideSolutionNode = FALSE
	EndGlobalSection
EndGlobal
